# THIS IS AN AUTOGENERATED FILE. DO NOT EDIT THIS FILE DIRECTLY.
# yarn lockfile v1


console-group@^0.3.3:
  version "0.3.3"
  resolved "https://registry.npmjs.org/console-group/-/console-group-0.3.3.tgz#6d8eb6b9d6b757a2895284f62d09c7ad43f2bbce"

uuid@^3.1.0:
  version "3.1.0"
  resolved "https://registry.npmjs.org/uuid/-/uuid-3.1.0.tgz#3dd3d3e790abc24d7b0d3a034ffababe28ebbc04"
